schema: '2.0'
stages:
  data_cleaning:
    cmd: python data_cleaning.py
    deps:
    - path: data/Music Info.csv
      hash: md5
      md5: 1a08efee551b177b1ee49ab874312e01
      size: 9803242
    - path: data_cleaning.py
      hash: md5
      md5: e35ac87d6c314191277326ec14a4b0c8
      size: 2042
    outs:
    - path: data/cleaned_data.csv
      hash: md5
      md5: 5452087538eabf188b641986f3d967e5
      size: 8529770
  transform_data:
    cmd: python content_based_filtering.py
    deps:
    - path: content_based_filtering.py
      hash: md5
      md5: cd95ac96f6b93d0e11359b4fc6f612e0
      size: 5888
    - path: data/cleaned_data.csv
      hash: md5
      md5: 5452087538eabf188b641986f3d967e5
      size: 8529770
    - path: data_cleaning.py
      hash: md5
      md5: e35ac87d6c314191277326ec14a4b0c8
      size: 2042
    outs:
    - path: data/transformed_data.npz
      hash: md5
      md5: ef0ee28d524485ae67b4d7fec417da35
      size: 4699075
    - path: transformer.joblib
      hash: md5
      md5: 0d4e8fc24be677c8cb991f1065a5e597
      size: 193105
  interaction_data:
    cmd: python collaborative_filtering.py
    deps:
    - path: collaborative_filtering.py
      hash: md5
      md5: f2f9a7f684697f323a4f51d6795009a0
      size: 5478
    - path: data/User Listening History.csv
      hash: md5
      md5: fb20e580d077523aa306581ab7ece0bf
      size: 679094869
    - path: data/cleaned_data.csv
      hash: md5
      md5: 5452087538eabf188b641986f3d967e5
      size: 8529770
    outs:
    - path: data/collab_filtered_data.csv
      hash: md5
      md5: cb8bc041406cbe59606aa9989e88c0cc
      size: 5147442
    - path: data/interaction_matrix.npz
      hash: md5
      md5: 53f8fa1e7cec19856a6b2bc60ce8881f
      size: 32311353
    - path: data/track_ids.npy
      hash: md5
      md5: 4a52e4cb6bae6b0126c1344dac7c7686
      size: 640058
  transformed_filtered_data:
    cmd: python transform_filtered_data.py
    deps:
    - path: data/collab_filtered_data.csv
      hash: md5
      md5: cb8bc041406cbe59606aa9989e88c0cc
      size: 5147442
    - path: transform_filtered_data.py
      hash: md5
      md5: d4df2d151f1aa5b985ac7c13253af6e9
      size: 742
    outs:
    - path: data/transformed_hybrid_data.npz
      hash: md5
      md5: 35069f70992941900553f481053238b6
      size: 3134031
